// !$*UTF8*$!
{
	archiveVersion = 1;
	classes = {
	};
	objectVersion = 50;
	objects = {

/* Begin PBXBuildFile section */
		3D1D2B4720B4A3D5001E3FD6 /* MaterialView.swift in Sources */ = {isa = PBXBuildFile; fileRef = 3D1D2B4620B4A3D5001E3FD6 /* MaterialView.swift */; };
		3D1D2B4A20B4A4A8001E3FD6 /* Constants.swift in Sources */ = {isa = PBXBuildFile; fileRef = 3D1D2B4920B4A4A8001E3FD6 /* Constants.swift */; };
		3D1D2B4C20B4AE05001E3FD6 /* MaterialButton.swift in Sources */ = {isa = PBXBuildFile; fileRef = 3D1D2B4B20B4AE05001E3FD6 /* MaterialButton.swift */; };
		3D1D2B4E20B4F5EA001E3FD6 /* MaterialTextField.swift in Sources */ = {isa = PBXBuildFile; fileRef = 3D1D2B4D20B4F5EA001E3FD6 /* MaterialTextField.swift */; };
		3DDB71C320B3DBCE00F0CCAF /* AppDelegate.swift in Sources */ = {isa = PBXBuildFile; fileRef = 3DDB71C220B3DBCE00F0CCAF /* AppDelegate.swift */; };
		3DDB71C520B3DBCE00F0CCAF /* ViewController.swift in Sources */ = {isa = PBXBuildFile; fileRef = 3DDB71C420B3DBCE00F0CCAF /* ViewController.swift */; };
		3DDB71C820B3DBCE00F0CCAF /* Main.storyboard in Resources */ = {isa = PBXBuildFile; fileRef = 3DDB71C620B3DBCE00F0CCAF /* Main.storyboard */; };
		3DDB71CA20B3DBD100F0CCAF /* Assets.xcassets in Resources */ = {isa = PBXBuildFile; fileRef = 3DDB71C920B3DBD100F0CCAF /* Assets.xcassets */; };
		3DDB71CD20B3DBD100F0CCAF /* LaunchScreen.storyboard in Resources */ = {isa = PBXBuildFile; fileRef = 3DDB71CB20B3DBD100F0CCAF /* LaunchScreen.storyboard */; };
		3DDB71DC20B3DCD100F0CCAF /* NotoSans-BoldItalic.ttf in Resources */ = {isa = PBXBuildFile; fileRef = 3DDB71D820B3DCD100F0CCAF /* NotoSans-BoldItalic.ttf */; };
		3DDB71DD20B3DCD100F0CCAF /* NotoSans-Bold.ttf in Resources */ = {isa = PBXBuildFile; fileRef = 3DDB71D920B3DCD100F0CCAF /* NotoSans-Bold.ttf */; };
		3DDB71DE20B3DCD100F0CCAF /* NotoSans-Regular.ttf in Resources */ = {isa = PBXBuildFile; fileRef = 3DDB71DA20B3DCD100F0CCAF /* NotoSans-Regular.ttf */; };
		3DDB71DF20B3DCD100F0CCAF /* NotoSans-Italic.ttf in Resources */ = {isa = PBXBuildFile; fileRef = 3DDB71DB20B3DCD100F0CCAF /* NotoSans-Italic.ttf */; };
		3DDB71E120B3DD2400F0CCAF /* code-icon-logo.png in Resources */ = {isa = PBXBuildFile; fileRef = 3DDB71E020B3DD2400F0CCAF /* code-icon-logo.png */; };
		3DDB71E320B3DD3300F0CCAF /* fb-icon.png in Resources */ = {isa = PBXBuildFile; fileRef = 3DDB71E220B3DD3300F0CCAF /* fb-icon.png */; };
		3DDB71E520B3DD4900F0CCAF /* logo-stacked.png in Resources */ = {isa = PBXBuildFile; fileRef = 3DDB71E420B3DD4900F0CCAF /* logo-stacked.png */; };
/* End PBXBuildFile section */

/* Begin PBXFileReference section */
		3D1D2B4620B4A3D5001E3FD6 /* MaterialView.swift */ = {isa = PBXFileReference; lastKnownFileType = sourcecode.swift; path = MaterialView.swift; sourceTree = "<group>"; };
		3D1D2B4920B4A4A8001E3FD6 /* Constants.swift */ = {isa = PBXFileReference; lastKnownFileType = sourcecode.swift; path = Constants.swift; sourceTree = "<group>"; };
		3D1D2B4B20B4AE05001E3FD6 /* MaterialButton.swift */ = {isa = PBXFileReference; lastKnownFileType = sourcecode.swift; path = MaterialButton.swift; sourceTree = "<group>"; };
		3D1D2B4D20B4F5EA001E3FD6 /* MaterialTextField.swift */ = {isa = PBXFileReference; lastKnownFileType = sourcecode.swift; path = MaterialTextField.swift; sourceTree = "<group>"; };
		3DDB71BF20B3DBCE00F0CCAF /* Social App.app */ = {isa = PBXFileReference; explicitFileType = wrapper.application; includeInIndex = 0; path = "Social App.app"; sourceTree = BUILT_PRODUCTS_DIR; };
		3DDB71C220B3DBCE00F0CCAF /* AppDelegate.swift */ = {isa = PBXFileReference; lastKnownFileType = sourcecode.swift; path = AppDelegate.swift; sourceTree = "<group>"; };
		3DDB71C420B3DBCE00F0CCAF /* ViewController.swift */ = {isa = PBXFileReference; lastKnownFileType = sourcecode.swift; path = ViewController.swift; sourceTree = "<group>"; };
		3DDB71C720B3DBCE00F0CCAF /* Base */ = {isa = PBXFileReference; lastKnownFileType = file.storyboard; name = Base; path = Base.lproj/Main.storyboard; sourceTree = "<group>"; };
		3DDB71C920B3DBD100F0CCAF /* Assets.xcassets */ = {isa = PBXFileReference; lastKnownFileType = folder.assetcatalog; path = Assets.xcassets; sourceTree = "<group>"; };
		3DDB71CC20B3DBD100F0CCAF /* Base */ = {isa = PBXFileReference; lastKnownFileType = file.storyboard; name = Base; path = Base.lproj/LaunchScreen.storyboard; sourceTree = "<group>"; };
		3DDB71CE20B3DBD100F0CCAF /* Info.plist */ = {isa = PBXFileReference; lastKnownFileType = text.plist.xml; path = Info.plist; sourceTree = "<group>"; };
		3DDB71D820B3DCD100F0CCAF /* NotoSans-BoldItalic.ttf */ = {isa = PBXFileReference; lastKnownFileType = file; path = "NotoSans-BoldItalic.ttf"; sourceTree = "<group>"; };
		3DDB71D920B3DCD100F0CCAF /* NotoSans-Bold.ttf */ = {isa = PBXFileReference; lastKnownFileType = file; path = "NotoSans-Bold.ttf"; sourceTree = "<group>"; };
		3DDB71DA20B3DCD100F0CCAF /* NotoSans-Regular.ttf */ = {isa = PBXFileReference; lastKnownFileType = file; path = "NotoSans-Regular.ttf"; sourceTree = "<group>"; };
		3DDB71DB20B3DCD100F0CCAF /* NotoSans-Italic.ttf */ = {isa = PBXFileReference; lastKnownFileType = file; path = "NotoSans-Italic.ttf"; sourceTree = "<group>"; };
		3DDB71E020B3DD2400F0CCAF /* code-icon-logo.png */ = {isa = PBXFileReference; lastKnownFileType = image.png; path = "code-icon-logo.png"; sourceTree = "<group>"; };
		3DDB71E220B3DD3300F0CCAF /* fb-icon.png */ = {isa = PBXFileReference; lastKnownFileType = image.png; path = "fb-icon.png"; sourceTree = "<group>"; };
		3DDB71E420B3DD4900F0CCAF /* logo-stacked.png */ = {isa = PBXFileReference; lastKnownFileType = image.png; path = "logo-stacked.png"; sourceTree = "<group>"; };
/* End PBXFileReference section */

/* Begin PBXFrameworksBuildPhase section */
		3DDB71BC20B3DBCE00F0CCAF /* Frameworks */ = {
			isa = PBXFrameworksBuildPhase;
			buildActionMask = 2147483647;
			files = (
			);
			runOnlyForDeploymentPostprocessing = 0;
		};
/* End PBXFrameworksBuildPhase section */

/* Begin PBXGroup section */
		3D1D2B4820B4A486001E3FD6 /* Utils */ = {
			isa = PBXGroup;
			children = (
				3D1D2B4920B4A4A8001E3FD6 /* Constants.swift */,
			);
			path = Utils;
			sourceTree = "<group>";
		};
		3DDB71B620B3DBCE00F0CCAF = {
			isa = PBXGroup;
			children = (
				3DDB71C120B3DBCE00F0CCAF /* Social App */,
				3DDB71C020B3DBCE00F0CCAF /* Products */,
			);
			sourceTree = "<group>";
		};
		3DDB71C020B3DBCE00F0CCAF /* Products */ = {
			isa = PBXGroup;
			children = (
				3DDB71BF20B3DBCE00F0CCAF /* Social App.app */,
			);
			name = Products;
			sourceTree = "<group>";
		};
		3DDB71C120B3DBCE00F0CCAF /* Social App */ = {
			isa = PBXGroup;
			children = (
				3D1D2B4820B4A486001E3FD6 /* Utils */,
				3DDB71D720B3DC6700F0CCAF /* Resources */,
				3DDB71D620B3DC6100F0CCAF /* Models */,
				3DDB71D520B3DC4600F0CCAF /* Views */,
				3DDB71D420B3DC2000F0CCAF /* Controllers */,
				3DDB71C220B3DBCE00F0CCAF /* AppDelegate.swift */,
				3DDB71C420B3DBCE00F0CCAF /* ViewController.swift */,
				3DDB71C620B3DBCE00F0CCAF /* Main.storyboard */,
				3DDB71C920B3DBD100F0CCAF /* Assets.xcassets */,
				3DDB71E420B3DD4900F0CCAF /* logo-stacked.png */,
				3DDB71E220B3DD3300F0CCAF /* fb-icon.png */,
				3DDB71E020B3DD2400F0CCAF /* code-icon-logo.png */,
				3DDB71CB20B3DBD100F0CCAF /* LaunchScreen.storyboard */,
				3DDB71CE20B3DBD100F0CCAF /* Info.plist */,
			);
			path = "Social App";
			sourceTree = "<group>";
		};
		3DDB71D420B3DC2000F0CCAF /* Controllers */ = {
			isa = PBXGroup;
			children = (
			);
			path = Controllers;
			sourceTree = "<group>";
		};
		3DDB71D520B3DC4600F0CCAF /* Views */ = {
			isa = PBXGroup;
			children = (
				3D1D2B4620B4A3D5001E3FD6 /* MaterialView.swift */,
				3D1D2B4B20B4AE05001E3FD6 /* MaterialButton.swift */,
				3D1D2B4D20B4F5EA001E3FD6 /* MaterialTextField.swift */,
			);
			path = Views;
			sourceTree = "<group>";
		};
		3DDB71D620B3DC6100F0CCAF /* Models */ = {
			isa = PBXGroup;
			children = (
			);
			path = Models;
			sourceTree = "<group>";
		};
		3DDB71D720B3DC6700F0CCAF /* Resources */ = {
			isa = PBXGroup;
			children = (
				3DDB71D920B3DCD100F0CCAF /* NotoSans-Bold.ttf */,
				3DDB71D820B3DCD100F0CCAF /* NotoSans-BoldItalic.ttf */,
				3DDB71DB20B3DCD100F0CCAF /* NotoSans-Italic.ttf */,
				3DDB71DA20B3DCD100F0CCAF /* NotoSans-Regular.ttf */,
			);
			path = Resources;
			sourceTree = "<group>";
		};
/* End PBXGroup section */

/* Begin PBXNativeTarget section */
		3DDB71BE20B3DBCE00F0CCAF /* Social App */ = {
			isa = PBXNativeTarget;
			buildConfigurationList = 3DDB71D120B3DBD100F0CCAF /* Build configuration list for PBXNativeTarget "Social App" */;
			buildPhases = (
				3DDB71BB20B3DBCE00F0CCAF /* Sources */,
				3DDB71BC20B3DBCE00F0CCAF /* Frameworks */,
				3DDB71BD20B3DBCE00F0CCAF /* Resources */,
			);
			buildRules = (
			);
			dependencies = (
			);
			name = "Social App";
			productName = "Social App";
			productReference = 3DDB71BF20B3DBCE00F0CCAF /* Social App.app */;
			productType = "com.apple.product-type.application";
		};
/* End PBXNativeTarget section */

/* Begin PBXProject section */
		3DDB71B720B3DBCE00F0CCAF /* Project object */ = {
			isa = PBXProject;
			attributes = {
				LastSwiftUpdateCheck = 0930;
				LastUpgradeCheck = 0930;
				ORGANIZATIONNAME = "William Chen";
				TargetAttributes = {
					3DDB71BE20B3DBCE00F0CCAF = {
						CreatedOnToolsVersion = 9.3.1;
					};
				};
			};
			buildConfigurationList = 3DDB71BA20B3DBCE00F0CCAF /* Build configuration list for PBXProject "Social App" */;
			compatibilityVersion = "Xcode 9.3";
			developmentRegion = en;
			hasScannedForEncodings = 0;
			knownRegions = (
				en,
				Base,
			);
			mainGroup = 3DDB71B620B3DBCE00F0CCAF;
			productRefGroup = 3DDB71C020B3DBCE00F0CCAF /* Products */;
			projectDirPath = "";
			projectRoot = "";
			targets = (
				3DDB71BE20B3DBCE00F0CCAF /* Social App */,
			);
		};
/* End PBXProject section */

/* Begin PBXResourcesBuildPhase section */
		3DDB71BD20B3DBCE00F0CCAF /* Resources */ = {
			isa = PBXResourcesBuildPhase;
			buildActionMask = 2147483647;
			files = (
				3DDB71DE20B3DCD100F0CCAF /* NotoSans-Regular.ttf in Resources */,
				3DDB71DC20B3DCD100F0CCAF /* NotoSans-BoldItalic.ttf in Resources */,
				3DDB71CD20B3DBD100F0CCAF /* LaunchScreen.storyboard in Resources */,
				3DDB71CA20B3DBD100F0CCAF /* Assets.xcassets in Resources */,
				3DDB71E520B3DD4900F0CCAF /* logo-stacked.png in Resources */,
				3DDB71E120B3DD2400F0CCAF /* code-icon-logo.png in Resources */,
				3DDB71E320B3DD3300F0CCAF /* fb-icon.png in Resources */,
				3DDB71DF20B3DCD100F0CCAF /* NotoSans-Italic.ttf in Resources */,
				3DDB71DD20B3DCD100F0CCAF /* NotoSans-Bold.ttf in Resources */,
				3DDB71C820B3DBCE00F0CCAF /* Main.storyboard in Resources */,
			);
			runOnlyForDeploymentPostprocessing = 0;
		};
/* End PBXResourcesBuildPhase section */

/* Begin PBXSourcesBuildPhase section */
		3DDB71BB20B3DBCE00F0CCAF /* Sources */ = {
			isa = PBXSourcesBuildPhase;
			buildActionMask = 2147483647;
			files = (
				3D1D2B4E20B4F5EA001E3FD6 /* MaterialTextField.swift in Sources */,
				3D1D2B4720B4A3D5001E3FD6 /* MaterialView.swift in Sources */,
				3DDB71C520B3DBCE00F0CCAF /* ViewController.swift in Sources */,
				3DDB71C320B3DBCE00F0CCAF /* AppDelegate.swift in Sources */,
				3D1D2B4A20B4A4A8001E3FD6 /* Constants.swift in Sources */,
				3D1D2B4C20B4AE05001E3FD6 /* MaterialButton.swift in Sources */,
			);
			runOnlyForDeploymentPostprocessing = 0;
		};
/* End PBXSourcesBuildPhase section */

/* Begin PBXVariantGroup section */
		3DDB71C620B3DBCE00F0CCAF /* Main.storyboard */ = {
			isa = PBXVariantGroup;
			children = (
				3DDB71C720B3DBCE00F0CCAF /* Base */,
			);
			name = Main.storyboard;
			sourceTree = "<group>";
		};
		3DDB71CB20B3DBD100F0CCAF /* LaunchScreen.storyboard */ = {
			isa = PBXVariantGroup;
			children = (
				3DDB71CC20B3DBD100F0CCAF /* Base */,
			);
			name = LaunchScreen.storyboard;
			sourceTree = "<group>";
		};
/* End PBXVariantGroup section */

/* Begin XCBuildConfiguration section */
		3DDB71CF20B3DBD100F0CCAF /* Debug */ = {
			isa = XCBuildConfiguration;
			buildSettings = {
				ALWAYS_SEARCH_USER_PATHS = NO;
				CLANG_ANALYZER_NONNULL = YES;
				CLANG_ANALYZER_NUMBER_OBJECT_CONVERSION = YES_AGGRESSIVE;
				CLANG_CXX_LANGUAGE_STANDARD = "gnu++14";
				CLANG_CXX_LIBRARY = "libc++";
				CLANG_ENABLE_MODULES = YES;
				CLANG_ENABLE_OBJC_ARC = YES;
				CLANG_ENABLE_OBJC_WEAK = YES;
				CLANG_WARN_BLOCK_CAPTURE_AUTORELEASING = YES;
				CLANG_WARN_BOOL_CONVERSION = YES;
				CLANG_WARN_COMMA = YES;
				CLANG_WARN_CONSTANT_CONVERSION = YES;
				CLANG_WARN_DEPRECATED_OBJC_IMPLEMENTATIONS = YES;
				CLANG_WARN_DIRECT_OBJC_ISA_USAGE = YES_ERROR;
				CLANG_WARN_DOCUMENTATION_COMMENTS = YES;
				CLANG_WARN_EMPTY_BODY = YES;
				CLANG_WARN_ENUM_CONVERSION = YES;
				CLANG_WARN_INFINITE_RECURSION = YES;
				CLANG_WARN_INT_CONVERSION = YES;
				CLANG_WARN_NON_LITERAL_NULL_CONVERSION = YES;
				CLANG_WARN_OBJC_IMPLICIT_RETAIN_SELF = YES;
				CLANG_WARN_OBJC_LITERAL_CONVERSION = YES;
				CLANG_WARN_OBJC_ROOT_CLASS = YES_ERROR;
				CLANG_WARN_RANGE_LOOP_ANALYSIS = YES;
				CLANG_WARN_STRICT_PROTOTYPES = YES;
				CLANG_WARN_SUSPICIOUS_MOVE = YES;
				CLANG_WARN_UNGUARDED_AVAILABILITY = YES_AGGRESSIVE;
				CLANG_WARN_UNREACHABLE_CODE = YES;
				CLANG_WARN__DUPLICATE_METHOD_MATCH = YES;
				CODE_SIGN_IDENTITY = "iPhone Developer";
				COPY_PHASE_STRIP = NO;
				DEBUG_INFORMATION_FORMAT = dwarf;
				ENABLE_STRICT_OBJC_MSGSEND = YES;
				ENABLE_TESTABILITY = YES;
				GCC_C_LANGUAGE_STANDARD = gnu11;
				GCC_DYNAMIC_NO_PIC = NO;
				GCC_NO_COMMON_BLOCKS = YES;
				GCC_OPTIMIZATION_LEVEL = 0;
				GCC_PREPROCESSOR_DEFINITIONS = (
					"DEBUG=1",
					"$(inherited)",
				);
				GCC_WARN_64_TO_32_BIT_CONVERSION = YES;
				GCC_WARN_ABOUT_RETURN_TYPE = YES_ERROR;
				GCC_WARN_UNDECLARED_SELECTOR = YES;
				GCC_WARN_UNINITIALIZED_AUTOS = YES_AGGRESSIVE;
				GCC_WARN_UNUSED_FUNCTION = YES;
				GCC_WARN_UNUSED_VARIABLE = YES;
				IPHONEOS_DEPLOYMENT_TARGET = 11.3;
				MTL_ENABLE_DEBUG_INFO = YES;
				ONLY_ACTIVE_ARCH = YES;
				SDKROOT = iphoneos;
				SWIFT_ACTIVE_COMPILATION_CONDITIONS = DEBUG;
				SWIFT_OPTIMIZATION_LEVEL = "-Onone";
			};
			name = Debug;
		};
		3DDB71D020B3DBD100F0CCAF /* Release */ = {
			isa = XCBuildConfiguration;
			buildSettings = {
				ALWAYS_SEARCH_USER_PATHS = NO;
				CLANG_ANALYZER_NONNULL = YES;
				CLANG_ANALYZER_NUMBER_OBJECT_CONVERSION = YES_AGGRESSIVE;
				CLANG_CXX_LANGUAGE_STANDARD = "gnu++14";
				CLANG_CXX_LIBRARY = "libc++";
				CLANG_ENABLE_MODULES = YES;
				CLANG_ENABLE_OBJC_ARC = YES;
				CLANG_ENABLE_OBJC_WEAK = YES;
				CLANG_WARN_BLOCK_CAPTURE_AUTORELEASING = YES;
				CLANG_WARN_BOOL_CONVERSION = YES;
				CLANG_WARN_COMMA = YES;
				CLANG_WARN_CONSTANT_CONVERSION = YES;
				CLANG_WARN_DEPRECATED_OBJC_IMPLEMENTATIONS = YES;
				CLANG_WARN_DIRECT_OBJC_ISA_USAGE = YES_ERROR;
				CLANG_WARN_DOCUMENTATION_COMMENTS = YES;
				CLANG_WARN_EMPTY_BODY = YES;
				CLANG_WARN_ENUM_CONVERSION = YES;
				CLANG_WARN_INFINITE_RECURSION = YES;
				CLANG_WARN_INT_CONVERSION = YES;
				CLANG_WARN_NON_LITERAL_NULL_CONVERSION = YES;
				CLANG_WARN_OBJC_IMPLICIT_RETAIN_SELF = YES;
				CLANG_WARN_OBJC_LITERAL_CONVERSION = YES;
				CLANG_WARN_OBJC_ROOT_CLASS = YES_ERROR;
				CLANG_WARN_RANGE_LOOP_ANALYSIS = YES;
				CLANG_WARN_STRICT_PROTOTYPES = YES;
				CLANG_WARN_SUSPICIOUS_MOVE = YES;
				CLANG_WARN_UNGUARDED_AVAILABILITY = YES_AGGRESSIVE;
				CLANG_WARN_UNREACHABLE_CODE = YES;
				CLANG_WARN__DUPLICATE_METHOD_MATCH = YES;
				CODE_SIGN_IDENTITY = "iPhone Developer";
				COPY_PHASE_STRIP = NO;
				DEBUG_INFORMATION_FORMAT = "dwarf-with-dsym";
				ENABLE_NS_ASSERTIONS = NO;
				ENABLE_STRICT_OBJC_MSGSEND = YES;
				GCC_C_LANGUAGE_STANDARD = gnu11;
				GCC_NO_COMMON_BLOCKS = YES;
				GCC_WARN_64_TO_32_BIT_CONVERSION = YES;
				GCC_WARN_ABOUT_RETURN_TYPE = YES_ERROR;
				GCC_WARN_UNDECLARED_SELECTOR = YES;
				GCC_WARN_UNINITIALIZED_AUTOS = YES_AGGRESSIVE;
				GCC_WARN_UNUSED_FUNCTION = YES;
				GCC_WARN_UNUSED_VARIABLE = YES;
				IPHONEOS_DEPLOYMENT_TARGET = 11.3;
				MTL_ENABLE_DEBUG_INFO = NO;
				SDKROOT = iphoneos;
				SWIFT_COMPILATION_MODE = wholemodule;
				SWIFT_OPTIMIZATION_LEVEL = "-O";
				VALIDATE_PRODUCT = YES;
			};
			name = Release;
		};
		3DDB71D220B3DBD100F0CCAF /* Debug */ = {
			isa = XCBuildConfiguration;
			buildSettings = {
				ASSETCATALOG_COMPILER_APPICON_NAME = AppIcon;
				CODE_SIGN_STYLE = Automatic;
				DEVELOPMENT_TEAM = 3Q83L7RPMC;
				INFOPLIST_FILE = "Social App/Info.plist";
				LD_RUNPATH_SEARCH_PATHS = (
					"$(inherited)",
					"@executable_path/Frameworks",
				);
				PRODUCT_BUNDLE_IDENTIFIER = "Chaldea.Social-App";
				PRODUCT_NAME = "$(TARGET_NAME)";
				SWIFT_VERSION = 4.0;
				TARGETED_DEVICE_FAMILY = "1,2";
			};
			name = Debug;
		};
		3DDB71D320B3DBD100F0CCAF /* Release */ = {
			isa = XCBuildConfiguration;
			buildSettings = {
				ASSETCATALOG_COMPILER_APPICON_NAME = AppIcon;
				CODE_SIGN_STYLE = Automatic;
				DEVELOPMENT_TEAM = 3Q83L7RPMC;
				INFOPLIST_FILE = "Social App/Info.plist";
				LD_RUNPATH_SEARCH_PATHS = (
					"$(inherited)",
					"@executable_path/Frameworks",
				);
				PRODUCT_BUNDLE_IDENTIFIER = "Chaldea.Social-App";
				PRODUCT_NAME = "$(TARGET_NAME)";
				SWIFT_VERSION = 4.0;
				TARGETED_DEVICE_FAMILY = "1,2";
			};
			name = Release;
		};
/* End XCBuildConfiguration section */

/* Begin XCConfigurationList section */
		3DDB71BA20B3DBCE00F0CCAF /* Build configuration list for PBXProject "Social App" */ = {
			isa = XCConfigurationList;
			buildConfigurations = (
				3DDB71CF20B3DBD100F0CCAF /* Debug */,
				3DDB71D020B3DBD100F0CCAF /* Release */,
			);
			defaultConfigurationIsVisible = 0;
			defaultConfigurationName = Release;
		};
		3DDB71D120B3DBD100F0CCAF /* Build configuration list for PBXNativeTarget "Social App" */ = {
			isa = XCConfigurationList;
			buildConfigurations = (
				3DDB71D220B3DBD100F0CCAF /* Debug */,
				3DDB71D320B3DBD100F0CCAF /* Release */,
			);
			defaultConfigurationIsVisible = 0;
			defaultConfigurationName = Release;
		};
/* End XCConfigurationList section */
	};
	rootObject = 3DDB71B720B3DBCE00F0CCAF /* Project object */;
}
